
Microsoft Visual Studio Solution File, Format Version 12.00
# Visual Studio Version 16
VisualStudioVersion = 16.0.29009.5
MinimumVisualStudioVersion = 10.0.40219.1
Project("{FAE04EC0-301F-11D3-BF4B-00C04F79EFBC}") = "Klienti", "Klienti\Klienti.csproj", "{F20C719E-4072-4B85-9D81-06B2F920AE99}"
EndProject
Global
	GlobalSection(SolutionConfigurationPlatforms) = preSolution
		Debug|Any CPU = Debug|Any CPU
		Release|Any CPU = Release|Any CPU
	EndGlobalSection
	GlobalSection(ProjectConfigurationPlatforms) = postSolution
		{F20C719E-4072-4B85-9D81-06B2F920AE99}.Debug|Any CPU.ActiveCfg = Debug|Any CPU
		{F20C719E-4072-4B85-9D81-06B2F920AE99}.Debug|Any CPU.Build.0 = Debug|Any CPU
		{F20C719E-4072-4B85-9D81-06B2F920AE99}.Release|Any CPU.ActiveCfg = Release|Any CPU
		{F20C719E-4072-4B85-9D81-06B2F920AE99}.Release|Any CPU.Build.0 = Release|Any CPU
	EndGlobalSection
	GlobalSection(SolutionProperties) = preSolution
		HideSolutionNode = FALSE
	EndGlobalSection
	GlobalSection(ExtensibilityGlobals) = postSolution
		SolutionGuid = {C8F08128-7369-4DAC-93DC-87A665FB6155}
	EndGlobalSection
EndGlobal
