
Microsoft Visual Studio Solution File, Format Version 12.00
# Visual Studio Version 16
VisualStudioVersion = 16.0.28803.156
MinimumVisualStudioVersion = 10.0.40219.1
Project("{FAE04EC0-301F-11D3-BF4B-00C04F79EFBC}") = "Beaufort_Cipher", "Beaufort_Cipher\Beaufort_Cipher.csproj", "{595BCFB3-EA66-4C88-89FF-63A3AC374F27}"
EndProject
Global
	GlobalSection(SolutionConfigurationPlatforms) = preSolution
		Debug|Any CPU = Debug|Any CPU
		Release|Any CPU = Release|Any CPU
	EndGlobalSection
	GlobalSection(ProjectConfigurationPlatforms) = postSolution
		{595BCFB3-EA66-4C88-89FF-63A3AC374F27}.Debug|Any CPU.ActiveCfg = Debug|Any CPU
		{595BCFB3-EA66-4C88-89FF-63A3AC374F27}.Debug|Any CPU.Build.0 = Debug|Any CPU
		{595BCFB3-EA66-4C88-89FF-63A3AC374F27}.Release|Any CPU.ActiveCfg = Release|Any CPU
		{595BCFB3-EA66-4C88-89FF-63A3AC374F27}.Release|Any CPU.Build.0 = Release|Any CPU
	EndGlobalSection
	GlobalSection(SolutionProperties) = preSolution
		HideSolutionNode = FALSE
	EndGlobalSection
	GlobalSection(ExtensibilityGlobals) = postSolution
		SolutionGuid = {F49F7006-3E3F-4670-B2AD-737E51E3F519}
	EndGlobalSection
EndGlobal
